
Microsoft Visual Studio Solution File, Format Version 12.00
# Visual Studio Version 17
VisualStudioVersion = 17.1.32228.430
MinimumVisualStudioVersion = 10.0.40219.1
Project("{9A19103F-16F7-4668-BE54-9A1E7A4F7556}") = "BlazingShop.Server", "BlazingShop\Server\BlazingShop.Server.csproj", "{793C92AD-82D0-40B5-84B6-7AD9A54ABB6A}"
EndProject
Project("{9A19103F-16F7-4668-BE54-9A1E7A4F7556}") = "BlazingShop.Client", "BlazingShop\Client\BlazingShop.Client.csproj", "{81256BB3-B4EB-408D-BD9B-5F7D2245A542}"
EndProject
Project("{9A19103F-16F7-4668-BE54-9A1E7A4F7556}") = "BlazingShop.Shared", "BlazingShop\Shared\BlazingShop.Shared.csproj", "{5BE9C06B-BB80-4168-A000-F0627FFA223F}"
EndProject
Global
	GlobalSection(SolutionConfigurationPlatforms) = preSolution
		Debug|Any CPU = Debug|Any CPU
		Release|Any CPU = Release|Any CPU
	EndGlobalSection
	GlobalSection(ProjectConfigurationPlatforms) = postSolution
		{793C92AD-82D0-40B5-84B6-7AD9A54ABB6A}.Debug|Any CPU.ActiveCfg = Debug|Any CPU
		{793C92AD-82D0-40B5-84B6-7AD9A54ABB6A}.Debug|Any CPU.Build.0 = Debug|Any CPU
		{793C92AD-82D0-40B5-84B6-7AD9A54ABB6A}.Release|Any CPU.ActiveCfg = Release|Any CPU
		{793C92AD-82D0-40B5-84B6-7AD9A54ABB6A}.Release|Any CPU.Build.0 = Release|Any CPU
		{81256BB3-B4EB-408D-BD9B-5F7D2245A542}.Debug|Any CPU.ActiveCfg = Debug|Any CPU
		{81256BB3-B4EB-408D-BD9B-5F7D2245A542}.Debug|Any CPU.Build.0 = Debug|Any CPU
		{81256BB3-B4EB-408D-BD9B-5F7D2245A542}.Release|Any CPU.ActiveCfg = Release|Any CPU
		{81256BB3-B4EB-408D-BD9B-5F7D2245A542}.Release|Any CPU.Build.0 = Release|Any CPU
		{5BE9C06B-BB80-4168-A000-F0627FFA223F}.Debug|Any CPU.ActiveCfg = Debug|Any CPU
		{5BE9C06B-BB80-4168-A000-F0627FFA223F}.Debug|Any CPU.Build.0 = Debug|Any CPU
		{5BE9C06B-BB80-4168-A000-F0627FFA223F}.Release|Any CPU.ActiveCfg = Release|Any CPU
		{5BE9C06B-BB80-4168-A000-F0627FFA223F}.Release|Any CPU.Build.0 = Release|Any CPU
	EndGlobalSection
	GlobalSection(SolutionProperties) = preSolution
		HideSolutionNode = FALSE
	EndGlobalSection
	GlobalSection(ExtensibilityGlobals) = postSolution
		SolutionGuid = {CE5FCBFE-7D7E-46A0-96C4-50CF0D8CADB9}
	EndGlobalSection
EndGlobal
